[[package]]
name = 'core'
source = 'path+from-root-D615C2B0B5DA0389'

[[package]]
name = 'fuel-indexer-test'
source = 'member'
dependencies = ['std']

[[package]]
name = 'std'
source = 'git+https://github.com/FuelLabs/sway?branch=upgrade/fuel-core-v0.20.1#12d6fb1a544bb32f399a43582b30b34c4cabb7e5'
dependencies = ['core']
