[[package]]
name = 'core'
source = 'path+from-root-FE6BE98AADE47BFA'

[[package]]
name = 'fuel-indexer-test'
source = 'member'
dependencies = ['std']

[[package]]
name = 'std'
source = 'git+https://github.com/fuellabs/sway?tag=v0.35.4#3770dd8c21540e54dee818aa5cbc0a6170102695'
dependencies = ['core']
